{
  "version": 4,
  "terraform_version": "1.5.7",
  "serial": 31,
  "lineage": "55138be6-80af-ce14-6027-9766aff34c83",
  "outputs": {},
  "resources": [
    {
      "module": "module.master",
      "mode": "data",
      "type": "aws_iam_policy_document",
      "name": "eks_master_role",
      "provider": "provider[\"registry.terraform.io/hashicorp/aws\"]",
      "instances": [
        {
          "schema_version": 0,
          "attributes": {
            "id": "3552664922",
            "json": "{\n  \"Version\": \"2012-10-17\",\n  \"Statement\": [\n    {\n      \"Effect\": \"Allow\",\n      \"Action\": \"sts:AssumeRole\",\n      \"Principal\": {\n        \"Service\": \"eks.amazonaws.com\"\n      }\n    }\n  ]\n}",
            "override_policy_documents": null,
            "policy_id": null,
            "source_policy_documents": null,
            "statement": [
              {
                "actions": [
                  "sts:AssumeRole"
                ],
                "condition": [],
                "effect": "Allow",
                "not_actions": [],
                "not_principals": [],
                "not_resources": [],
                "principals": [
                  {
                    "identifiers": [
                      "eks.amazonaws.com"
                    ],
                    "type": "Service"
                  }
                ],
                "resources": [],
                "sid": ""
              }
            ],
            "version": "2012-10-17"
          },
          "sensitive_attributes": []
        }
      ]
    },
    {
      "module": "module.master",
      "mode": "managed",
      "type": "aws_eks_cluster",
      "name": "eks_cluster",
      "provider": "provider[\"registry.terraform.io/hashicorp/aws\"]",
      "instances": [
        {
          "schema_version": 0,
          "attributes": {
            "arn": "arn:aws:eks:us-east-1:231670762225:cluster/eksaws-paulo",
            "certificate_authority": [
              {
                "data": "LS0tLS1CRUdJTiBDRVJUSUZJQ0FURS0tLS0tCk1JSURCVENDQWUyZ0F3SUJBZ0lJQzgxdkltYVN2bm93RFFZSktvWklodmNOQVFFTEJRQXdGVEVUTUJFR0ExVUUKQXhNS2EzVmlaWEp1WlhSbGN6QWVGdzB5TXpBNU16QXlNalUxTXpWYUZ3MHpNekE1TWpjeU1qVTFNelZhTUJVeApFekFSQmdOVkJBTVRDbXQxWW1WeWJtVjBaWE13Z2dFaU1BMEdDU3FHU0liM0RRRUJBUVVBQTRJQkR3QXdnZ0VLCkFvSUJBUURFdWxEQWVpMll3NllSRER1Z0U5MkhEUjd5UGkrZm05bmY5ZHpKNlRWcDZuODgyUThtdzJEalV1MUcKMEU0Y0loWEIzZUtkcEF6aU9oMXF2dXFNM1FHQjZycEZIbElvSWVzOVV1KzZ2d2U1cmc5ek5sN2RwK0pZL2dlMApxTjdSSWJMRHk0Ym45M1JlUXUrUG4rejhmM29QdEVnNVY4TVAyN1NWRVNmbHoxTWVDbTZYa3dJblQ5TmdwRUo1Ckl1bWJlY2hyM2J6Sk05d3Qxbmxna1QyMXpmeEtjWHU0SHpjdkpxM2FjUC9nclk1NkFmOUpjL0o4YU95UE1Da2cKb2RYUlJQS0ljeUdJSzVGTnI3TFd5REw5Z1dva1h2dUsvaitHUXFQQzR2bnNFTFR3bGNSZ0p1OUg3YVVjUWNMWQpXbTcxRnJjS0w4Z0xxcHF2UUxLNDhzdXZWeTRqQWdNQkFBR2pXVEJYTUE0R0ExVWREd0VCL3dRRUF3SUNwREFQCkJnTlZIUk1CQWY4RUJUQURBUUgvTUIwR0ExVWREZ1FXQkJSUFQ3V0pYSzJ0cHhBejhyeHcvZ2EreWt4cG5qQVYKQmdOVkhSRUVEakFNZ2dwcmRXSmxjbTVsZEdWek1BMEdDU3FHU0liM0RRRUJDd1VBQTRJQkFRQ3g4QjR2WUs4bgpRMGJ4UzJmRUZXRzlvOXhVMzFHYzM1SDBJY2ZaQjNjMTYwSmRPTHZpTmE3QWt4azJUVWpZdDltSXVvR3l1dUtMCjZZN1pwMW5PWnorSk9td0ZhalhmVHU1V3lSY2NkYUl6YjdhVTB0MzNHbkVRL3JXcGhaWDM3KytxSDY0dHlMaVAKcmRRZUFVdFYwc29CeTE4UWxjelNmRmx5QVNkL09XSUxTUG42Z2tGNFpUb1NqTjRBa3RuazJHK1J5cVZNeWNobwpKaWVzbWpXNm1TVUZiQjc4K0xYRVlDQ1NiVGVSL2tTd2VlYngyMUtzbGFYUzlLb2RQNk4zS1dHa0FmL1pNZjYxCnZBL2grQ3pXRFNpTTJHZXZiY2cyNWFPNGlhVDN3d1NMcldKdE80ejFFZnNwQmovMTBzUGNlaHJBTHIvRC9EUGcKdmFzdWd4RnlMZTF6Ci0tLS0tRU5EIENFUlRJRklDQVRFLS0tLS0K"
              }
            ],
            "cluster_id": null,
            "created_at": "2023-09-30 22:50:36.577 +0000 UTC",
            "enabled_cluster_log_types": null,
            "encryption_config": [],
            "endpoint": "https://07EABBFB4C4DEE6724110DF31FFD38E7.gr7.us-east-1.eks.amazonaws.com",
            "id": "eksaws-paulo",
            "identity": [
              {
                "oidc": [
                  {
                    "issuer": "https://oidc.eks.us-east-1.amazonaws.com/id/07EABBFB4C4DEE6724110DF31FFD38E7"
                  }
                ]
              }
            ],
            "kubernetes_network_config": [
              {
                "ip_family": "ipv4",
                "service_ipv4_cidr": "172.20.0.0/16",
                "service_ipv6_cidr": ""
              }
            ],
            "name": "eksaws-paulo",
            "outpost_config": [],
            "platform_version": "eks.5",
            "role_arn": "arn:aws:iam::231670762225:role/eksaws-paulo-eks-master-role",
            "status": "ACTIVE",
            "tags": {
              "kubernetes.io/cluster/eksaws-paulo": "shared"
            },
            "tags_all": {
              "kubernetes.io/cluster/eksaws-paulo": "shared"
            },
            "timeouts": null,
            "version": "1.27",
            "vpc_config": [
              {
                "cluster_security_group_id": "sg-096dde76b6a60297a",
                "endpoint_private_access": false,
                "endpoint_public_access": true,
                "public_access_cidrs": [
                  "0.0.0.0/0"
                ],
                "security_group_ids": [
                  "sg-00b0908805228531e"
                ],
                "subnet_ids": [
                  "subnet-025df1e011a48e8ad",
                  "subnet-09ea085fc98673593"
                ],
                "vpc_id": "vpc-0eb8877c7ca6e202e"
              }
            ]
          },
          "sensitive_attributes": [],
          "private": "eyJlMmJmYjczMC1lY2FhLTExZTYtOGY4OC0zNDM2M2JjN2M0YzAiOnsiY3JlYXRlIjoxODAwMDAwMDAwMDAwLCJkZWxldGUiOjkwMDAwMDAwMDAwMCwidXBkYXRlIjozNjAwMDAwMDAwMDAwfX0=",
          "dependencies": [
            "module.master.aws_iam_role.eks_master_role",
            "module.master.aws_security_group.cluster_master_sg",
            "module.network.aws_subnet.private_subnet_1a",
            "module.network.aws_subnet.private_subnet_1b"
          ]
        }
      ]
    },
    {
      "module": "module.master",
      "mode": "managed",
      "type": "aws_iam_role",
      "name": "eks_master_role",
      "provider": "provider[\"registry.terraform.io/hashicorp/aws\"]",
      "instances": [
        {
          "schema_version": 0,
          "attributes": {
            "arn": "arn:aws:iam::231670762225:role/eksaws-paulo-eks-master-role",
            "assume_role_policy": "{\"Statement\":[{\"Action\":\"sts:AssumeRole\",\"Effect\":\"Allow\",\"Principal\":{\"Service\":\"eks.amazonaws.com\"}}],\"Version\":\"2012-10-17\"}",
            "create_date": "2023-09-30T22:17:21Z",
            "description": "",
            "force_detach_policies": false,
            "id": "eksaws-paulo-eks-master-role",
            "inline_policy": [],
            "managed_policy_arns": [
              "arn:aws:iam::aws:policy/AmazonEKSClusterPolicy"
            ],
            "max_session_duration": 3600,
            "name": "eksaws-paulo-eks-master-role",
            "name_prefix": "",
            "path": "/",
            "permissions_boundary": null,
            "tags": {},
            "tags_all": {},
            "unique_id": "AROATL4FHJLYTXMERN4YF"
          },
          "sensitive_attributes": [],
          "private": "bnVsbA==",
          "dependencies": [
            "module.master.data.aws_iam_policy_document.eks_master_role"
          ]
        }
      ]
    },
    {
      "module": "module.master",
      "mode": "managed",
      "type": "aws_iam_role_policy_attachment",
      "name": "eks_master_attach_role_policy",
      "provider": "provider[\"registry.terraform.io/hashicorp/aws\"]",
      "instances": [
        {
          "schema_version": 0,
          "attributes": {
            "id": "eksaws-paulo-eks-master-role-20230930221722333300000001",
            "policy_arn": "arn:aws:iam::aws:policy/AmazonEKSClusterPolicy",
            "role": "eksaws-paulo-eks-master-role"
          },
          "sensitive_attributes": [],
          "private": "bnVsbA==",
          "dependencies": [
            "module.master.aws_iam_role.eks_master_role",
            "module.master.data.aws_iam_policy_document.eks_master_role"
          ]
        }
      ]
    },
    {
      "module": "module.master",
      "mode": "managed",
      "type": "aws_security_group",
      "name": "cluster_master_sg",
      "provider": "provider[\"registry.terraform.io/hashicorp/aws\"]",
      "instances": [
        {
          "schema_version": 1,
          "attributes": {
            "arn": "arn:aws:ec2:us-east-1:231670762225:security-group/sg-00b0908805228531e",
            "description": "Managed by Terraform",
            "egress": [
              {
                "cidr_blocks": [
                  "0.0.0.0/0"
                ],
                "description": "",
                "from_port": 0,
                "ipv6_cidr_blocks": [],
                "prefix_list_ids": [],
                "protocol": "-1",
                "security_groups": [],
                "self": false,
                "to_port": 0
              }
            ],
            "id": "sg-00b0908805228531e",
            "ingress": [
              {
                "cidr_blocks": [
                  "0.0.0.0/0"
                ],
                "description": "",
                "from_port": 443,
                "ipv6_cidr_blocks": [],
                "prefix_list_ids": [],
                "protocol": "tcp",
                "security_groups": [],
                "self": false,
                "to_port": 443
              }
            ],
            "name": "eksaws-paulo-master-sg",
            "name_prefix": "",
            "owner_id": "231670762225",
            "revoke_rules_on_delete": false,
            "tags": {
              "Name": "eksaws-paulo-master-sg"
            },
            "tags_all": {
              "Name": "eksaws-paulo-master-sg"
            },
            "timeouts": null,
            "vpc_id": "vpc-0eb8877c7ca6e202e"
          },
          "sensitive_attributes": [],
          "private": "eyJlMmJmYjczMC1lY2FhLTExZTYtOGY4OC0zNDM2M2JjN2M0YzAiOnsiY3JlYXRlIjo2MDAwMDAwMDAwMDAsImRlbGV0ZSI6OTAwMDAwMDAwMDAwfSwic2NoZW1hX3ZlcnNpb24iOiIxIn0=",
          "dependencies": [
            "module.network.aws_vpc.cluster_vpc"
          ]
        }
      ]
    },
    {
      "module": "module.master",
      "mode": "managed",
      "type": "aws_security_group_rule",
      "name": "cluster_ingress_https",
      "provider": "provider[\"registry.terraform.io/hashicorp/aws\"]",
      "instances": [
        {
          "schema_version": 2,
          "attributes": {
            "cidr_blocks": [
              "0.0.0.0/0"
            ],
            "description": "",
            "from_port": 443,
            "id": "sgrule-304319429",
            "ipv6_cidr_blocks": null,
            "prefix_list_ids": null,
            "protocol": "tcp",
            "security_group_id": "sg-00b0908805228531e",
            "security_group_rule_id": "sgr-0ffc6320580a93a3f",
            "self": false,
            "source_security_group_id": null,
            "timeouts": null,
            "to_port": 443,
            "type": "ingress"
          },
          "sensitive_attributes": [],
          "private": "eyJlMmJmYjczMC1lY2FhLTExZTYtOGY4OC0zNDM2M2JjN2M0YzAiOnsiY3JlYXRlIjozMDAwMDAwMDAwMDB9LCJzY2hlbWFfdmVyc2lvbiI6IjIifQ==",
          "dependencies": [
            "module.master.aws_security_group.cluster_master_sg",
            "module.network.aws_vpc.cluster_vpc"
          ]
        }
      ]
    },
    {
      "module": "module.network",
      "mode": "managed",
      "type": "aws_eip",
      "name": "vpc_eip",
      "provider": "provider[\"registry.terraform.io/hashicorp/aws\"]",
      "instances": [
        {
          "schema_version": 0,
          "attributes": {
            "address": null,
            "allocation_id": "eipalloc-0f68dddf9a8104652",
            "associate_with_private_ip": null,
            "association_id": "eipassoc-08bfea52b36858f1e",
            "carrier_ip": "",
            "customer_owned_ip": "",
            "customer_owned_ipv4_pool": "",
            "domain": "vpc",
            "id": "eipalloc-0f68dddf9a8104652",
            "instance": "",
            "network_border_group": "us-east-1",
            "network_interface": "eni-056b4cadb2592bcc6",
            "private_dns": "ip-10-0-0-99.ec2.internal",
            "private_ip": "10.0.0.99",
            "public_dns": "ec2-3-226-227-36.compute-1.amazonaws.com",
            "public_ip": "3.226.227.36",
            "public_ipv4_pool": "amazon",
            "tags": {
              "Name": "eksaws-paulo-eip"
            },
            "tags_all": {
              "Name": "eksaws-paulo-eip"
            },
            "timeouts": null,
            "vpc": true
          },
          "sensitive_attributes": [],
          "private": "eyJlMmJmYjczMC1lY2FhLTExZTYtOGY4OC0zNDM2M2JjN2M0YzAiOnsiZGVsZXRlIjoxODAwMDAwMDAwMDAsInJlYWQiOjkwMDAwMDAwMDAwMCwidXBkYXRlIjozMDAwMDAwMDAwMDB9fQ=="
        }
      ]
    },
    {
      "module": "module.network",
      "mode": "managed",
      "type": "aws_internet_gateway",
      "name": "internet_gateway",
      "provider": "provider[\"registry.terraform.io/hashicorp/aws\"]",
      "instances": [
        {
          "schema_version": 0,
          "attributes": {
            "arn": "arn:aws:ec2:us-east-1:231670762225:internet-gateway/igw-08a86399b56a93983",
            "id": "igw-08a86399b56a93983",
            "owner_id": "231670762225",
            "tags": {
              "Name": "eksaws-paulo-internet-gateway"
            },
            "tags_all": {
              "Name": "eksaws-paulo-internet-gateway"
            },
            "timeouts": null,
            "vpc_id": "vpc-0eb8877c7ca6e202e"
          },
          "sensitive_attributes": [],
          "private": "eyJlMmJmYjczMC1lY2FhLTExZTYtOGY4OC0zNDM2M2JjN2M0YzAiOnsiY3JlYXRlIjoxMjAwMDAwMDAwMDAwLCJkZWxldGUiOjEyMDAwMDAwMDAwMDAsInVwZGF0ZSI6MTIwMDAwMDAwMDAwMH19",
          "dependencies": [
            "module.network.aws_vpc.cluster_vpc"
          ]
        }
      ]
    },
    {
      "module": "module.network",
      "mode": "managed",
      "type": "aws_nat_gateway",
      "name": "nat_gateway",
      "provider": "provider[\"registry.terraform.io/hashicorp/aws\"]",
      "instances": [
        {
          "schema_version": 0,
          "attributes": {
            "allocation_id": "eipalloc-0f68dddf9a8104652",
            "association_id": "eipassoc-08bfea52b36858f1e",
            "connectivity_type": "public",
            "id": "nat-0563f5d25a4d1a6b3",
            "network_interface_id": "eni-056b4cadb2592bcc6",
            "private_ip": "10.0.0.99",
            "public_ip": "3.226.227.36",
            "secondary_allocation_ids": [],
            "secondary_private_ip_address_count": 0,
            "secondary_private_ip_addresses": [],
            "subnet_id": "subnet-0ca443ea23175ac4b",
            "tags": {
              "Name": "eksaws-paulo-nat-gateway"
            },
            "tags_all": {
              "Name": "eksaws-paulo-nat-gateway"
            },
            "timeouts": null
          },
          "sensitive_attributes": [],
          "private": "eyJlMmJmYjczMC1lY2FhLTExZTYtOGY4OC0zNDM2M2JjN2M0YzAiOnsiY3JlYXRlIjo2MDAwMDAwMDAwMDAsImRlbGV0ZSI6MTgwMDAwMDAwMDAwMCwidXBkYXRlIjo2MDAwMDAwMDAwMDB9fQ==",
          "dependencies": [
            "module.network.aws_eip.vpc_eip",
            "module.network.aws_subnet.public_subnet_1a",
            "module.network.aws_vpc.cluster_vpc"
          ]
        }
      ]
    },
    {
      "module": "module.network",
      "mode": "managed",
      "type": "aws_route",
      "name": "private_internet_access",
      "provider": "provider[\"registry.terraform.io/hashicorp/aws\"]",
      "instances": [
        {
          "schema_version": 0,
          "attributes": {
            "carrier_gateway_id": "",
            "core_network_arn": "",
            "destination_cidr_block": "0.0.0.0/0",
            "destination_ipv6_cidr_block": "",
            "destination_prefix_list_id": "",
            "egress_only_gateway_id": "",
            "gateway_id": "",
            "id": "r-rtb-073d622d606fedc761080289494",
            "instance_id": "",
            "instance_owner_id": "",
            "local_gateway_id": "",
            "nat_gateway_id": "nat-0563f5d25a4d1a6b3",
            "network_interface_id": "",
            "origin": "CreateRoute",
            "route_table_id": "rtb-073d622d606fedc76",
            "state": "active",
            "timeouts": null,
            "transit_gateway_id": "",
            "vpc_endpoint_id": "",
            "vpc_peering_connection_id": ""
          },
          "sensitive_attributes": [],
          "private": "eyJlMmJmYjczMC1lY2FhLTExZTYtOGY4OC0zNDM2M2JjN2M0YzAiOnsiY3JlYXRlIjozMDAwMDAwMDAwMDAsImRlbGV0ZSI6MzAwMDAwMDAwMDAwLCJ1cGRhdGUiOjEyMDAwMDAwMDAwMH19",
          "dependencies": [
            "module.network.aws_eip.vpc_eip",
            "module.network.aws_nat_gateway.nat_gateway",
            "module.network.aws_route_table.nat_gateway_route_table",
            "module.network.aws_subnet.public_subnet_1a",
            "module.network.aws_vpc.cluster_vpc"
          ]
        }
      ]
    },
    {
      "module": "module.network",
      "mode": "managed",
      "type": "aws_route",
      "name": "public_internet_access",
      "provider": "provider[\"registry.terraform.io/hashicorp/aws\"]",
      "instances": [
        {
          "schema_version": 0,
          "attributes": {
            "carrier_gateway_id": "",
            "core_network_arn": "",
            "destination_cidr_block": "0.0.0.0/0",
            "destination_ipv6_cidr_block": "",
            "destination_prefix_list_id": "",
            "egress_only_gateway_id": "",
            "gateway_id": "igw-08a86399b56a93983",
            "id": "r-rtb-03ba3bb8907b814df1080289494",
            "instance_id": "",
            "instance_owner_id": "",
            "local_gateway_id": "",
            "nat_gateway_id": "",
            "network_interface_id": "",
            "origin": "CreateRoute",
            "route_table_id": "rtb-03ba3bb8907b814df",
            "state": "active",
            "timeouts": null,
            "transit_gateway_id": "",
            "vpc_endpoint_id": "",
            "vpc_peering_connection_id": ""
          },
          "sensitive_attributes": [],
          "private": "eyJlMmJmYjczMC1lY2FhLTExZTYtOGY4OC0zNDM2M2JjN2M0YzAiOnsiY3JlYXRlIjozMDAwMDAwMDAwMDAsImRlbGV0ZSI6MzAwMDAwMDAwMDAwLCJ1cGRhdGUiOjEyMDAwMDAwMDAwMH19",
          "dependencies": [
            "module.network.aws_internet_gateway.internet_gateway",
            "module.network.aws_route_table.internet_gateway_route_table",
            "module.network.aws_vpc.cluster_vpc"
          ]
        }
      ]
    },
    {
      "module": "module.network",
      "mode": "managed",
      "type": "aws_route_table",
      "name": "internet_gateway_route_table",
      "provider": "provider[\"registry.terraform.io/hashicorp/aws\"]",
      "instances": [
        {
          "schema_version": 0,
          "attributes": {
            "arn": "arn:aws:ec2:us-east-1:231670762225:route-table/rtb-03ba3bb8907b814df",
            "id": "rtb-03ba3bb8907b814df",
            "owner_id": "231670762225",
            "propagating_vgws": [],
            "route": [
              {
                "carrier_gateway_id": "",
                "cidr_block": "0.0.0.0/0",
                "core_network_arn": "",
                "destination_prefix_list_id": "",
                "egress_only_gateway_id": "",
                "gateway_id": "igw-08a86399b56a93983",
                "ipv6_cidr_block": "",
                "local_gateway_id": "",
                "nat_gateway_id": "",
                "network_interface_id": "",
                "transit_gateway_id": "",
                "vpc_endpoint_id": "",
                "vpc_peering_connection_id": ""
              }
            ],
            "tags": {
              "Name": "eksaws-paulo-internet-gateway-route-table"
            },
            "tags_all": {
              "Name": "eksaws-paulo-internet-gateway-route-table"
            },
            "timeouts": null,
            "vpc_id": "vpc-0eb8877c7ca6e202e"
          },
          "sensitive_attributes": [],
          "private": "eyJlMmJmYjczMC1lY2FhLTExZTYtOGY4OC0zNDM2M2JjN2M0YzAiOnsiY3JlYXRlIjozMDAwMDAwMDAwMDAsImRlbGV0ZSI6MzAwMDAwMDAwMDAwLCJ1cGRhdGUiOjEyMDAwMDAwMDAwMH19",
          "dependencies": [
            "module.network.aws_vpc.cluster_vpc"
          ]
        }
      ]
    },
    {
      "module": "module.network",
      "mode": "managed",
      "type": "aws_route_table",
      "name": "nat_gateway_route_table",
      "provider": "provider[\"registry.terraform.io/hashicorp/aws\"]",
      "instances": [
        {
          "schema_version": 0,
          "attributes": {
            "arn": "arn:aws:ec2:us-east-1:231670762225:route-table/rtb-073d622d606fedc76",
            "id": "rtb-073d622d606fedc76",
            "owner_id": "231670762225",
            "propagating_vgws": [],
            "route": [
              {
                "carrier_gateway_id": "",
                "cidr_block": "0.0.0.0/0",
                "core_network_arn": "",
                "destination_prefix_list_id": "",
                "egress_only_gateway_id": "",
                "gateway_id": "",
                "ipv6_cidr_block": "",
                "local_gateway_id": "",
                "nat_gateway_id": "nat-0563f5d25a4d1a6b3",
                "network_interface_id": "",
                "transit_gateway_id": "",
                "vpc_endpoint_id": "",
                "vpc_peering_connection_id": ""
              }
            ],
            "tags": {
              "Name": "eksaws-paulo-nat-gateway-route-table"
            },
            "tags_all": {
              "Name": "eksaws-paulo-nat-gateway-route-table"
            },
            "timeouts": null,
            "vpc_id": "vpc-0eb8877c7ca6e202e"
          },
          "sensitive_attributes": [],
          "private": "eyJlMmJmYjczMC1lY2FhLTExZTYtOGY4OC0zNDM2M2JjN2M0YzAiOnsiY3JlYXRlIjozMDAwMDAwMDAwMDAsImRlbGV0ZSI6MzAwMDAwMDAwMDAwLCJ1cGRhdGUiOjEyMDAwMDAwMDAwMH19",
          "dependencies": [
            "module.network.aws_vpc.cluster_vpc"
          ]
        }
      ]
    },
    {
      "module": "module.network",
      "mode": "managed",
      "type": "aws_route_table_association",
      "name": "private_1a",
      "provider": "provider[\"registry.terraform.io/hashicorp/aws\"]",
      "instances": [
        {
          "schema_version": 0,
          "attributes": {
            "gateway_id": "",
            "id": "rtbassoc-04a24cf8034dddc98",
            "route_table_id": "rtb-073d622d606fedc76",
            "subnet_id": "subnet-025df1e011a48e8ad",
            "timeouts": null
          },
          "sensitive_attributes": [],
          "private": "eyJlMmJmYjczMC1lY2FhLTExZTYtOGY4OC0zNDM2M2JjN2M0YzAiOnsiY3JlYXRlIjozMDAwMDAwMDAwMDAsImRlbGV0ZSI6MzAwMDAwMDAwMDAwLCJ1cGRhdGUiOjEyMDAwMDAwMDAwMH19",
          "dependencies": [
            "module.network.aws_route_table.nat_gateway_route_table",
            "module.network.aws_subnet.private_subnet_1a",
            "module.network.aws_vpc.cluster_vpc"
          ]
        }
      ]
    },
    {
      "module": "module.network",
      "mode": "managed",
      "type": "aws_route_table_association",
      "name": "private_1b",
      "provider": "provider[\"registry.terraform.io/hashicorp/aws\"]",
      "instances": [
        {
          "schema_version": 0,
          "attributes": {
            "gateway_id": "",
            "id": "rtbassoc-0481916a145a925aa",
            "route_table_id": "rtb-073d622d606fedc76",
            "subnet_id": "subnet-09ea085fc98673593",
            "timeouts": null
          },
          "sensitive_attributes": [],
          "private": "eyJlMmJmYjczMC1lY2FhLTExZTYtOGY4OC0zNDM2M2JjN2M0YzAiOnsiY3JlYXRlIjozMDAwMDAwMDAwMDAsImRlbGV0ZSI6MzAwMDAwMDAwMDAwLCJ1cGRhdGUiOjEyMDAwMDAwMDAwMH19",
          "dependencies": [
            "module.network.aws_route_table.nat_gateway_route_table",
            "module.network.aws_subnet.private_subnet_1b",
            "module.network.aws_vpc.cluster_vpc"
          ]
        }
      ]
    },
    {
      "module": "module.network",
      "mode": "managed",
      "type": "aws_route_table_association",
      "name": "public_1a",
      "provider": "provider[\"registry.terraform.io/hashicorp/aws\"]",
      "instances": [
        {
          "schema_version": 0,
          "attributes": {
            "gateway_id": "",
            "id": "rtbassoc-01860e46b21043488",
            "route_table_id": "rtb-03ba3bb8907b814df",
            "subnet_id": "subnet-0ca443ea23175ac4b",
            "timeouts": null
          },
          "sensitive_attributes": [],
          "private": "eyJlMmJmYjczMC1lY2FhLTExZTYtOGY4OC0zNDM2M2JjN2M0YzAiOnsiY3JlYXRlIjozMDAwMDAwMDAwMDAsImRlbGV0ZSI6MzAwMDAwMDAwMDAwLCJ1cGRhdGUiOjEyMDAwMDAwMDAwMH19",
          "dependencies": [
            "module.network.aws_route_table.internet_gateway_route_table",
            "module.network.aws_subnet.public_subnet_1a",
            "module.network.aws_vpc.cluster_vpc"
          ]
        }
      ]
    },
    {
      "module": "module.network",
      "mode": "managed",
      "type": "aws_route_table_association",
      "name": "public_1b",
      "provider": "provider[\"registry.terraform.io/hashicorp/aws\"]",
      "instances": [
        {
          "schema_version": 0,
          "attributes": {
            "gateway_id": "",
            "id": "rtbassoc-065c0bbeb3083848c",
            "route_table_id": "rtb-03ba3bb8907b814df",
            "subnet_id": "subnet-099ad1729085f93f5",
            "timeouts": null
          },
          "sensitive_attributes": [],
          "private": "eyJlMmJmYjczMC1lY2FhLTExZTYtOGY4OC0zNDM2M2JjN2M0YzAiOnsiY3JlYXRlIjozMDAwMDAwMDAwMDAsImRlbGV0ZSI6MzAwMDAwMDAwMDAwLCJ1cGRhdGUiOjEyMDAwMDAwMDAwMH19",
          "dependencies": [
            "module.network.aws_route_table.internet_gateway_route_table",
            "module.network.aws_subnet.public_subnet_1b",
            "module.network.aws_vpc.cluster_vpc"
          ]
        }
      ]
    },
    {
      "module": "module.network",
      "mode": "managed",
      "type": "aws_subnet",
      "name": "private_subnet_1a",
      "provider": "provider[\"registry.terraform.io/hashicorp/aws\"]",
      "instances": [
        {
          "schema_version": 1,
          "attributes": {
            "arn": "arn:aws:ec2:us-east-1:231670762225:subnet/subnet-025df1e011a48e8ad",
            "assign_ipv6_address_on_creation": false,
            "availability_zone": "us-east-1a",
            "availability_zone_id": "use1-az4",
            "cidr_block": "10.0.32.0/20",
            "customer_owned_ipv4_pool": "",
            "enable_dns64": false,
            "enable_lni_at_device_index": 0,
            "enable_resource_name_dns_a_record_on_launch": false,
            "enable_resource_name_dns_aaaa_record_on_launch": false,
            "id": "subnet-025df1e011a48e8ad",
            "ipv6_cidr_block": "",
            "ipv6_cidr_block_association_id": "",
            "ipv6_native": false,
            "map_customer_owned_ip_on_launch": false,
            "map_public_ip_on_launch": false,
            "outpost_arn": "",
            "owner_id": "231670762225",
            "private_dns_hostname_type_on_launch": "ip-name",
            "tags": {
              "Name": "eksaws-paulo-private-1a"
            },
            "tags_all": {
              "Name": "eksaws-paulo-private-1a"
            },
            "timeouts": null,
            "vpc_id": "vpc-0eb8877c7ca6e202e"
          },
          "sensitive_attributes": [],
          "private": "eyJlMmJmYjczMC1lY2FhLTExZTYtOGY4OC0zNDM2M2JjN2M0YzAiOnsiY3JlYXRlIjo2MDAwMDAwMDAwMDAsImRlbGV0ZSI6MTIwMDAwMDAwMDAwMH0sInNjaGVtYV92ZXJzaW9uIjoiMSJ9",
          "dependencies": [
            "module.network.aws_vpc.cluster_vpc"
          ]
        }
      ]
    },
    {
      "module": "module.network",
      "mode": "managed",
      "type": "aws_subnet",
      "name": "private_subnet_1b",
      "provider": "provider[\"registry.terraform.io/hashicorp/aws\"]",
      "instances": [
        {
          "schema_version": 1,
          "attributes": {
            "arn": "arn:aws:ec2:us-east-1:231670762225:subnet/subnet-09ea085fc98673593",
            "assign_ipv6_address_on_creation": false,
            "availability_zone": "us-east-1b",
            "availability_zone_id": "use1-az6",
            "cidr_block": "10.0.48.0/20",
            "customer_owned_ipv4_pool": "",
            "enable_dns64": false,
            "enable_lni_at_device_index": 0,
            "enable_resource_name_dns_a_record_on_launch": false,
            "enable_resource_name_dns_aaaa_record_on_launch": false,
            "id": "subnet-09ea085fc98673593",
            "ipv6_cidr_block": "",
            "ipv6_cidr_block_association_id": "",
            "ipv6_native": false,
            "map_customer_owned_ip_on_launch": false,
            "map_public_ip_on_launch": false,
            "outpost_arn": "",
            "owner_id": "231670762225",
            "private_dns_hostname_type_on_launch": "ip-name",
            "tags": {
              "Name": "eksaws-paulo-private-1b"
            },
            "tags_all": {
              "Name": "eksaws-paulo-private-1b"
            },
            "timeouts": null,
            "vpc_id": "vpc-0eb8877c7ca6e202e"
          },
          "sensitive_attributes": [],
          "private": "eyJlMmJmYjczMC1lY2FhLTExZTYtOGY4OC0zNDM2M2JjN2M0YzAiOnsiY3JlYXRlIjo2MDAwMDAwMDAwMDAsImRlbGV0ZSI6MTIwMDAwMDAwMDAwMH0sInNjaGVtYV92ZXJzaW9uIjoiMSJ9",
          "dependencies": [
            "module.network.aws_vpc.cluster_vpc"
          ]
        }
      ]
    },
    {
      "module": "module.network",
      "mode": "managed",
      "type": "aws_subnet",
      "name": "public_subnet_1a",
      "provider": "provider[\"registry.terraform.io/hashicorp/aws\"]",
      "instances": [
        {
          "schema_version": 1,
          "attributes": {
            "arn": "arn:aws:ec2:us-east-1:231670762225:subnet/subnet-0ca443ea23175ac4b",
            "assign_ipv6_address_on_creation": false,
            "availability_zone": "us-east-1a",
            "availability_zone_id": "use1-az4",
            "cidr_block": "10.0.0.0/20",
            "customer_owned_ipv4_pool": "",
            "enable_dns64": false,
            "enable_lni_at_device_index": 0,
            "enable_resource_name_dns_a_record_on_launch": false,
            "enable_resource_name_dns_aaaa_record_on_launch": false,
            "id": "subnet-0ca443ea23175ac4b",
            "ipv6_cidr_block": "",
            "ipv6_cidr_block_association_id": "",
            "ipv6_native": false,
            "map_customer_owned_ip_on_launch": false,
            "map_public_ip_on_launch": true,
            "outpost_arn": "",
            "owner_id": "231670762225",
            "private_dns_hostname_type_on_launch": "ip-name",
            "tags": {
              "Name": "eksaws-paulo-public-1a"
            },
            "tags_all": {
              "Name": "eksaws-paulo-public-1a"
            },
            "timeouts": null,
            "vpc_id": "vpc-0eb8877c7ca6e202e"
          },
          "sensitive_attributes": [],
          "private": "eyJlMmJmYjczMC1lY2FhLTExZTYtOGY4OC0zNDM2M2JjN2M0YzAiOnsiY3JlYXRlIjo2MDAwMDAwMDAwMDAsImRlbGV0ZSI6MTIwMDAwMDAwMDAwMH0sInNjaGVtYV92ZXJzaW9uIjoiMSJ9",
          "dependencies": [
            "module.network.aws_vpc.cluster_vpc"
          ]
        }
      ]
    },
    {
      "module": "module.network",
      "mode": "managed",
      "type": "aws_subnet",
      "name": "public_subnet_1b",
      "provider": "provider[\"registry.terraform.io/hashicorp/aws\"]",
      "instances": [
        {
          "schema_version": 1,
          "attributes": {
            "arn": "arn:aws:ec2:us-east-1:231670762225:subnet/subnet-099ad1729085f93f5",
            "assign_ipv6_address_on_creation": false,
            "availability_zone": "us-east-1b",
            "availability_zone_id": "use1-az6",
            "cidr_block": "10.0.16.0/20",
            "customer_owned_ipv4_pool": "",
            "enable_dns64": false,
            "enable_lni_at_device_index": 0,
            "enable_resource_name_dns_a_record_on_launch": false,
            "enable_resource_name_dns_aaaa_record_on_launch": false,
            "id": "subnet-099ad1729085f93f5",
            "ipv6_cidr_block": "",
            "ipv6_cidr_block_association_id": "",
            "ipv6_native": false,
            "map_customer_owned_ip_on_launch": false,
            "map_public_ip_on_launch": true,
            "outpost_arn": "",
            "owner_id": "231670762225",
            "private_dns_hostname_type_on_launch": "ip-name",
            "tags": {
              "Name": "eksaws-paulo-public-1b"
            },
            "tags_all": {
              "Name": "eksaws-paulo-public-1b"
            },
            "timeouts": null,
            "vpc_id": "vpc-0eb8877c7ca6e202e"
          },
          "sensitive_attributes": [],
          "private": "eyJlMmJmYjczMC1lY2FhLTExZTYtOGY4OC0zNDM2M2JjN2M0YzAiOnsiY3JlYXRlIjo2MDAwMDAwMDAwMDAsImRlbGV0ZSI6MTIwMDAwMDAwMDAwMH0sInNjaGVtYV92ZXJzaW9uIjoiMSJ9",
          "dependencies": [
            "module.network.aws_vpc.cluster_vpc"
          ]
        }
      ]
    },
    {
      "module": "module.network",
      "mode": "managed",
      "type": "aws_vpc",
      "name": "cluster_vpc",
      "provider": "provider[\"registry.terraform.io/hashicorp/aws\"]",
      "instances": [
        {
          "schema_version": 1,
          "attributes": {
            "arn": "arn:aws:ec2:us-east-1:231670762225:vpc/vpc-0eb8877c7ca6e202e",
            "assign_generated_ipv6_cidr_block": false,
            "cidr_block": "10.0.0.0/16",
            "default_network_acl_id": "acl-006066157190b955d",
            "default_route_table_id": "rtb-05a96dd8765107124",
            "default_security_group_id": "sg-0483fc7a3c27ea324",
            "dhcp_options_id": "dopt-0aea2c85f4d19ee28",
            "enable_dns_hostnames": true,
            "enable_dns_support": true,
            "enable_network_address_usage_metrics": false,
            "id": "vpc-0eb8877c7ca6e202e",
            "instance_tenancy": "default",
            "ipv4_ipam_pool_id": null,
            "ipv4_netmask_length": null,
            "ipv6_association_id": "",
            "ipv6_cidr_block": "",
            "ipv6_cidr_block_network_border_group": "",
            "ipv6_ipam_pool_id": "",
            "ipv6_netmask_length": 0,
            "main_route_table_id": "rtb-05a96dd8765107124",
            "owner_id": "231670762225",
            "tags": {
              "Name": "eksaws-paulo-vpc"
            },
            "tags_all": {
              "Name": "eksaws-paulo-vpc"
            }
          },
          "sensitive_attributes": [],
          "private": "eyJzY2hlbWFfdmVyc2lvbiI6IjEifQ=="
        }
      ]
    }
  ],
  "check_results": null
}
